// !$*UTF8*$!
{
	archiveVersion = 1;
	classes = {
	};
	objectVersion = 50;
	objects = {

/* Begin PBXBuildFile section */
		D29BAC16268D2A32000E06EE /* AppDelegate.swift in Sources */ = {isa = PBXBuildFile; fileRef = D29BAC15268D2A32000E06EE /* AppDelegate.swift */; };
		D29BAC18268D2A32000E06EE /* SceneDelegate.swift in Sources */ = {isa = PBXBuildFile; fileRef = D29BAC17268D2A32000E06EE /* SceneDelegate.swift */; };
		D29BAC1A268D2A32000E06EE /* ViewController.swift in Sources */ = {isa = PBXBuildFile; fileRef = D29BAC19268D2A32000E06EE /* ViewController.swift */; };
		D29BAC1D268D2A32000E06EE /* Main.storyboard in Resources */ = {isa = PBXBuildFile; fileRef = D29BAC1B268D2A32000E06EE /* Main.storyboard */; };
		D29BAC1F268D2A33000E06EE /* Assets.xcassets in Resources */ = {isa = PBXBuildFile; fileRef = D29BAC1E268D2A33000E06EE /* Assets.xcassets */; };
		D29BAC22268D2A33000E06EE /* LaunchScreen.storyboard in Resources */ = {isa = PBXBuildFile; fileRef = D29BAC20268D2A33000E06EE /* LaunchScreen.storyboard */; };
		D29BAC2B268D2BB5000E06EE /* ZodiacTableViewController.swift in Sources */ = {isa = PBXBuildFile; fileRef = D29BAC2A268D2BB5000E06EE /* ZodiacTableViewController.swift */; };
/* End PBXBuildFile section */

/* Begin PBXFileReference section */
		D29BAC12268D2A32000E06EE /* TaleViewSignos.app */ = {isa = PBXFileReference; explicitFileType = wrapper.application; includeInIndex = 0; path = TaleViewSignos.app; sourceTree = BUILT_PRODUCTS_DIR; };
		D29BAC15268D2A32000E06EE /* AppDelegate.swift */ = {isa = PBXFileReference; lastKnownFileType = sourcecode.swift; path = AppDelegate.swift; sourceTree = "<group>"; };
		D29BAC17268D2A32000E06EE /* SceneDelegate.swift */ = {isa = PBXFileReference; lastKnownFileType = sourcecode.swift; path = SceneDelegate.swift; sourceTree = "<group>"; };
		D29BAC19268D2A32000E06EE /* ViewController.swift */ = {isa = PBXFileReference; lastKnownFileType = sourcecode.swift; path = ViewController.swift; sourceTree = "<group>"; };
		D29BAC1C268D2A32000E06EE /* Base */ = {isa = PBXFileReference; lastKnownFileType = file.storyboard; name = Base; path = Base.lproj/Main.storyboard; sourceTree = "<group>"; };
		D29BAC1E268D2A33000E06EE /* Assets.xcassets */ = {isa = PBXFileReference; lastKnownFileType = folder.assetcatalog; path = Assets.xcassets; sourceTree = "<group>"; };
		D29BAC21268D2A33000E06EE /* Base */ = {isa = PBXFileReference; lastKnownFileType = file.storyboard; name = Base; path = Base.lproj/LaunchScreen.storyboard; sourceTree = "<group>"; };
		D29BAC23268D2A33000E06EE /* Info.plist */ = {isa = PBXFileReference; lastKnownFileType = text.plist.xml; path = Info.plist; sourceTree = "<group>"; };
		D29BAC2A268D2BB5000E06EE /* ZodiacTableViewController.swift */ = {isa = PBXFileReference; lastKnownFileType = sourcecode.swift; path = ZodiacTableViewController.swift; sourceTree = "<group>"; };
/* End PBXFileReference section */

/* Begin PBXFrameworksBuildPhase section */
		D29BAC0F268D2A32000E06EE /* Frameworks */ = {
			isa = PBXFrameworksBuildPhase;
			buildActionMask = 2147483647;
			files = (
			);
			runOnlyForDeploymentPostprocessing = 0;
		};
/* End PBXFrameworksBuildPhase section */

/* Begin PBXGroup section */
		D29BAC09268D2A32000E06EE = {
			isa = PBXGroup;
			children = (
				D29BAC14268D2A32000E06EE /* TaleViewSignos */,
				D29BAC13268D2A32000E06EE /* Products */,
			);
			sourceTree = "<group>";
		};
		D29BAC13268D2A32000E06EE /* Products */ = {
			isa = PBXGroup;
			children = (
				D29BAC12268D2A32000E06EE /* TaleViewSignos.app */,
			);
			name = Products;
			sourceTree = "<group>";
		};
		D29BAC14268D2A32000E06EE /* TaleViewSignos */ = {
			isa = PBXGroup;
			children = (
				D29BAC15268D2A32000E06EE /* AppDelegate.swift */,
				D29BAC17268D2A32000E06EE /* SceneDelegate.swift */,
				D29BAC19268D2A32000E06EE /* ViewController.swift */,
				D29BAC2A268D2BB5000E06EE /* ZodiacTableViewController.swift */,
				D29BAC1B268D2A32000E06EE /* Main.storyboard */,
				D29BAC1E268D2A33000E06EE /* Assets.xcassets */,
				D29BAC20268D2A33000E06EE /* LaunchScreen.storyboard */,
				D29BAC23268D2A33000E06EE /* Info.plist */,
			);
			path = TaleViewSignos;
			sourceTree = "<group>";
		};
/* End PBXGroup section */

/* Begin PBXNativeTarget section */
		D29BAC11268D2A32000E06EE /* TaleViewSignos */ = {
			isa = PBXNativeTarget;
			buildConfigurationList = D29BAC26268D2A33000E06EE /* Build configuration list for PBXNativeTarget "TaleViewSignos" */;
			buildPhases = (
				D29BAC0E268D2A32000E06EE /* Sources */,
				D29BAC0F268D2A32000E06EE /* Frameworks */,
				D29BAC10268D2A32000E06EE /* Resources */,
			);
			buildRules = (
			);
			dependencies = (
			);
			name = TaleViewSignos;
			productName = TaleViewSignos;
			productReference = D29BAC12268D2A32000E06EE /* TaleViewSignos.app */;
			productType = "com.apple.product-type.application";
		};
/* End PBXNativeTarget section */

/* Begin PBXProject section */
		D29BAC0A268D2A32000E06EE /* Project object */ = {
			isa = PBXProject;
			attributes = {
				LastSwiftUpdateCheck = 1240;
				LastUpgradeCheck = 1240;
				TargetAttributes = {
					D29BAC11268D2A32000E06EE = {
						CreatedOnToolsVersion = 12.4;
					};
				};
			};
			buildConfigurationList = D29BAC0D268D2A32000E06EE /* Build configuration list for PBXProject "TaleViewSignos" */;
			compatibilityVersion = "Xcode 9.3";
			developmentRegion = en;
			hasScannedForEncodings = 0;
			knownRegions = (
				en,
				Base,
			);
			mainGroup = D29BAC09268D2A32000E06EE;
			productRefGroup = D29BAC13268D2A32000E06EE /* Products */;
			projectDirPath = "";
			projectRoot = "";
			targets = (
				D29BAC11268D2A32000E06EE /* TaleViewSignos */,
			);
		};
/* End PBXProject section */

/* Begin PBXResourcesBuildPhase section */
		D29BAC10268D2A32000E06EE /* Resources */ = {
			isa = PBXResourcesBuildPhase;
			buildActionMask = 2147483647;
			files = (
				D29BAC22268D2A33000E06EE /* LaunchScreen.storyboard in Resources */,
				D29BAC1F268D2A33000E06EE /* Assets.xcassets in Resources */,
				D29BAC1D268D2A32000E06EE /* Main.storyboard in Resources */,
			);
			runOnlyForDeploymentPostprocessing = 0;
		};
/* End PBXResourcesBuildPhase section */

/* Begin PBXSourcesBuildPhase section */
		D29BAC0E268D2A32000E06EE /* Sources */ = {
			isa = PBXSourcesBuildPhase;
			buildActionMask = 2147483647;
			files = (
				D29BAC1A268D2A32000E06EE /* ViewController.swift in Sources */,
				D29BAC16268D2A32000E06EE /* AppDelegate.swift in Sources */,
				D29BAC18268D2A32000E06EE /* SceneDelegate.swift in Sources */,
				D29BAC2B268D2BB5000E06EE /* ZodiacTableViewController.swift in Sources */,
			);
			runOnlyForDeploymentPostprocessing = 0;
		};
/* End PBXSourcesBuildPhase section */

/* Begin PBXVariantGroup section */
		D29BAC1B268D2A32000E06EE /* Main.storyboard */ = {
			isa = PBXVariantGroup;
			children = (
				D29BAC1C268D2A32000E06EE /* Base */,
			);
			name = Main.storyboard;
			sourceTree = "<group>";
		};
		D29BAC20268D2A33000E06EE /* LaunchScreen.storyboard */ = {
			isa = PBXVariantGroup;
			children = (
				D29BAC21268D2A33000E06EE /* Base */,
			);
			name = LaunchScreen.storyboard;
			sourceTree = "<group>";
		};
/* End PBXVariantGroup section */

/* Begin XCBuildConfiguration section */
		D29BAC24268D2A33000E06EE /* Debug */ = {
			isa = XCBuildConfiguration;
			buildSettings = {
				ALWAYS_SEARCH_USER_PATHS = NO;
				CLANG_ANALYZER_NONNULL = YES;
				CLANG_ANALYZER_NUMBER_OBJECT_CONVERSION = YES_AGGRESSIVE;
				CLANG_CXX_LANGUAGE_STANDARD = "gnu++14";
				CLANG_CXX_LIBRARY = "libc++";
				CLANG_ENABLE_MODULES = YES;
				CLANG_ENABLE_OBJC_ARC = YES;
				CLANG_ENABLE_OBJC_WEAK = YES;
				CLANG_WARN_BLOCK_CAPTURE_AUTORELEASING = YES;
				CLANG_WARN_BOOL_CONVERSION = YES;
				CLANG_WARN_COMMA = YES;
				CLANG_WARN_CONSTANT_CONVERSION = YES;
				CLANG_WARN_DEPRECATED_OBJC_IMPLEMENTATIONS = YES;
				CLANG_WARN_DIRECT_OBJC_ISA_USAGE = YES_ERROR;
				CLANG_WARN_DOCUMENTATION_COMMENTS = YES;
				CLANG_WARN_EMPTY_BODY = YES;
				CLANG_WARN_ENUM_CONVERSION = YES;
				CLANG_WARN_INFINITE_RECURSION = YES;
				CLANG_WARN_INT_CONVERSION = YES;
				CLANG_WARN_NON_LITERAL_NULL_CONVERSION = YES;
				CLANG_WARN_OBJC_IMPLICIT_RETAIN_SELF = YES;
				CLANG_WARN_OBJC_LITERAL_CONVERSION = YES;
				CLANG_WARN_OBJC_ROOT_CLASS = YES_ERROR;
				CLANG_WARN_QUOTED_INCLUDE_IN_FRAMEWORK_HEADER = YES;
				CLANG_WARN_RANGE_LOOP_ANALYSIS = YES;
				CLANG_WARN_STRICT_PROTOTYPES = YES;
				CLANG_WARN_SUSPICIOUS_MOVE = YES;
				CLANG_WARN_UNGUARDED_AVAILABILITY = YES_AGGRESSIVE;
				CLANG_WARN_UNREACHABLE_CODE = YES;
				CLANG_WARN__DUPLICATE_METHOD_MATCH = YES;
				COPY_PHASE_STRIP = NO;
				DEBUG_INFORMATION_FORMAT = dwarf;
				ENABLE_STRICT_OBJC_MSGSEND = YES;
				ENABLE_TESTABILITY = YES;
				GCC_C_LANGUAGE_STANDARD = gnu11;
				GCC_DYNAMIC_NO_PIC = NO;
				GCC_NO_COMMON_BLOCKS = YES;
				GCC_OPTIMIZATION_LEVEL = 0;
				GCC_PREPROCESSOR_DEFINITIONS = (
					"DEBUG=1",
					"$(inherited)",
				);
				GCC_WARN_64_TO_32_BIT_CONVERSION = YES;
				GCC_WARN_ABOUT_RETURN_TYPE = YES_ERROR;
				GCC_WARN_UNDECLARED_SELECTOR = YES;
				GCC_WARN_UNINITIALIZED_AUTOS = YES_AGGRESSIVE;
				GCC_WARN_UNUSED_FUNCTION = YES;
				GCC_WARN_UNUSED_VARIABLE = YES;
				IPHONEOS_DEPLOYMENT_TARGET = 14.4;
				MTL_ENABLE_DEBUG_INFO = INCLUDE_SOURCE;
				MTL_FAST_MATH = YES;
				ONLY_ACTIVE_ARCH = YES;
				SDKROOT = iphoneos;
				SWIFT_ACTIVE_COMPILATION_CONDITIONS = DEBUG;
				SWIFT_OPTIMIZATION_LEVEL = "-Onone";
			};
			name = Debug;
		};
		D29BAC25268D2A33000E06EE /* Release */ = {
			isa = XCBuildConfiguration;
			buildSettings = {
				ALWAYS_SEARCH_USER_PATHS = NO;
				CLANG_ANALYZER_NONNULL = YES;
				CLANG_ANALYZER_NUMBER_OBJECT_CONVERSION = YES_AGGRESSIVE;
				CLANG_CXX_LANGUAGE_STANDARD = "gnu++14";
				CLANG_CXX_LIBRARY = "libc++";
				CLANG_ENABLE_MODULES = YES;
				CLANG_ENABLE_OBJC_ARC = YES;
				CLANG_ENABLE_OBJC_WEAK = YES;
				CLANG_WARN_BLOCK_CAPTURE_AUTORELEASING = YES;
				CLANG_WARN_BOOL_CONVERSION = YES;
				CLANG_WARN_COMMA = YES;
				CLANG_WARN_CONSTANT_CONVERSION = YES;
				CLANG_WARN_DEPRECATED_OBJC_IMPLEMENTATIONS = YES;
				CLANG_WARN_DIRECT_OBJC_ISA_USAGE = YES_ERROR;
				CLANG_WARN_DOCUMENTATION_COMMENTS = YES;
				CLANG_WARN_EMPTY_BODY = YES;
				CLANG_WARN_ENUM_CONVERSION = YES;
				CLANG_WARN_INFINITE_RECURSION = YES;
				CLANG_WARN_INT_CONVERSION = YES;
				CLANG_WARN_NON_LITERAL_NULL_CONVERSION = YES;
				CLANG_WARN_OBJC_IMPLICIT_RETAIN_SELF = YES;
				CLANG_WARN_OBJC_LITERAL_CONVERSION = YES;
				CLANG_WARN_OBJC_ROOT_CLASS = YES_ERROR;
				CLANG_WARN_QUOTED_INCLUDE_IN_FRAMEWORK_HEADER = YES;
				CLANG_WARN_RANGE_LOOP_ANALYSIS = YES;
				CLANG_WARN_STRICT_PROTOTYPES = YES;
				CLANG_WARN_SUSPICIOUS_MOVE = YES;
				CLANG_WARN_UNGUARDED_AVAILABILITY = YES_AGGRESSIVE;
				CLANG_WARN_UNREACHABLE_CODE = YES;
				CLANG_WARN__DUPLICATE_METHOD_MATCH = YES;
				COPY_PHASE_STRIP = NO;
				DEBUG_INFORMATION_FORMAT = "dwarf-with-dsym";
				ENABLE_NS_ASSERTIONS = NO;
				ENABLE_STRICT_OBJC_MSGSEND = YES;
				GCC_C_LANGUAGE_STANDARD = gnu11;
				GCC_NO_COMMON_BLOCKS = YES;
				GCC_WARN_64_TO_32_BIT_CONVERSION = YES;
				GCC_WARN_ABOUT_RETURN_TYPE = YES_ERROR;
				GCC_WARN_UNDECLARED_SELECTOR = YES;
				GCC_WARN_UNINITIALIZED_AUTOS = YES_AGGRESSIVE;
				GCC_WARN_UNUSED_FUNCTION = YES;
				GCC_WARN_UNUSED_VARIABLE = YES;
				IPHONEOS_DEPLOYMENT_TARGET = 14.4;
				MTL_ENABLE_DEBUG_INFO = NO;
				MTL_FAST_MATH = YES;
				SDKROOT = iphoneos;
				SWIFT_COMPILATION_MODE = wholemodule;
				SWIFT_OPTIMIZATION_LEVEL = "-O";
				VALIDATE_PRODUCT = YES;
			};
			name = Release;
		};
		D29BAC27268D2A33000E06EE /* Debug */ = {
			isa = XCBuildConfiguration;
			buildSettings = {
				ASSETCATALOG_COMPILER_APPICON_NAME = AppIcon;
				ASSETCATALOG_COMPILER_GLOBAL_ACCENT_COLOR_NAME = AccentColor;
				CODE_SIGN_STYLE = Automatic;
				DEVELOPMENT_TEAM = 4MHXQ8N5LK;
				INFOPLIST_FILE = TaleViewSignos/Info.plist;
				LD_RUNPATH_SEARCH_PATHS = (
					"$(inherited)",
					"@executable_path/Frameworks",
				);
				PRODUCT_BUNDLE_IDENTIFIER = "Victor-Ponciano.TaleViewSignos";
				PRODUCT_NAME = "$(TARGET_NAME)";
				SWIFT_VERSION = 5.0;
				TARGETED_DEVICE_FAMILY = "1,2";
			};
			name = Debug;
		};
		D29BAC28268D2A33000E06EE /* Release */ = {
			isa = XCBuildConfiguration;
			buildSettings = {
				ASSETCATALOG_COMPILER_APPICON_NAME = AppIcon;
				ASSETCATALOG_COMPILER_GLOBAL_ACCENT_COLOR_NAME = AccentColor;
				CODE_SIGN_STYLE = Automatic;
				DEVELOPMENT_TEAM = 4MHXQ8N5LK;
				INFOPLIST_FILE = TaleViewSignos/Info.plist;
				LD_RUNPATH_SEARCH_PATHS = (
					"$(inherited)",
					"@executable_path/Frameworks",
				);
				PRODUCT_BUNDLE_IDENTIFIER = "Victor-Ponciano.TaleViewSignos";
				PRODUCT_NAME = "$(TARGET_NAME)";
				SWIFT_VERSION = 5.0;
				TARGETED_DEVICE_FAMILY = "1,2";
			};
			name = Release;
		};
/* End XCBuildConfiguration section */

/* Begin XCConfigurationList section */
		D29BAC0D268D2A32000E06EE /* Build configuration list for PBXProject "TaleViewSignos" */ = {
			isa = XCConfigurationList;
			buildConfigurations = (
				D29BAC24268D2A33000E06EE /* Debug */,
				D29BAC25268D2A33000E06EE /* Release */,
			);
			defaultConfigurationIsVisible = 0;
			defaultConfigurationName = Release;
		};
		D29BAC26268D2A33000E06EE /* Build configuration list for PBXNativeTarget "TaleViewSignos" */ = {
			isa = XCConfigurationList;
			buildConfigurations = (
				D29BAC27268D2A33000E06EE /* Debug */,
				D29BAC28268D2A33000E06EE /* Release */,
			);
			defaultConfigurationIsVisible = 0;
			defaultConfigurationName = Release;
		};
/* End XCConfigurationList section */
	};
	rootObject = D29BAC0A268D2A32000E06EE /* Project object */;
}
