// !$*UTF8*$!
{
	archiveVersion = 1;
	classes = {
	};
	objectVersion = 50;
	objects = {

/* Begin PBXBuildFile section */
		D29DCFA9268D4302002759B1 /* AppDelegate.swift in Sources */ = {isa = PBXBuildFile; fileRef = D29DCFA8268D4302002759B1 /* AppDelegate.swift */; };
		D29DCFAB268D4302002759B1 /* SceneDelegate.swift in Sources */ = {isa = PBXBuildFile; fileRef = D29DCFAA268D4302002759B1 /* SceneDelegate.swift */; };
		D29DCFAD268D4302002759B1 /* ViewController.swift in Sources */ = {isa = PBXBuildFile; fileRef = D29DCFAC268D4302002759B1 /* ViewController.swift */; };
		D29DCFB0268D4302002759B1 /* Main.storyboard in Resources */ = {isa = PBXBuildFile; fileRef = D29DCFAE268D4302002759B1 /* Main.storyboard */; };
		D29DCFB2268D4303002759B1 /* Assets.xcassets in Resources */ = {isa = PBXBuildFile; fileRef = D29DCFB1268D4303002759B1 /* Assets.xcassets */; };
		D29DCFB5268D4303002759B1 /* LaunchScreen.storyboard in Resources */ = {isa = PBXBuildFile; fileRef = D29DCFB3268D4303002759B1 /* LaunchScreen.storyboard */; };
		D29DCFBE268D440A002759B1 /* FilmTableViewController.swift in Sources */ = {isa = PBXBuildFile; fileRef = D29DCFBD268D4409002759B1 /* FilmTableViewController.swift */; };
		D29DCFC1268D44D9002759B1 /* Film.swift in Sources */ = {isa = PBXBuildFile; fileRef = D29DCFC0268D44D9002759B1 /* Film.swift */; };
		D29DCFC5268D4F15002759B1 /* FilmCell.swift in Sources */ = {isa = PBXBuildFile; fileRef = D29DCFC4268D4F15002759B1 /* FilmCell.swift */; };
/* End PBXBuildFile section */

/* Begin PBXFileReference section */
		D29DCFA5268D4302002759B1 /* MyFilms.app */ = {isa = PBXFileReference; explicitFileType = wrapper.application; includeInIndex = 0; path = MyFilms.app; sourceTree = BUILT_PRODUCTS_DIR; };
		D29DCFA8268D4302002759B1 /* AppDelegate.swift */ = {isa = PBXFileReference; lastKnownFileType = sourcecode.swift; path = AppDelegate.swift; sourceTree = "<group>"; };
		D29DCFAA268D4302002759B1 /* SceneDelegate.swift */ = {isa = PBXFileReference; lastKnownFileType = sourcecode.swift; path = SceneDelegate.swift; sourceTree = "<group>"; };
		D29DCFAC268D4302002759B1 /* ViewController.swift */ = {isa = PBXFileReference; lastKnownFileType = sourcecode.swift; path = ViewController.swift; sourceTree = "<group>"; };
		D29DCFAF268D4302002759B1 /* Base */ = {isa = PBXFileReference; lastKnownFileType = file.storyboard; name = Base; path = Base.lproj/Main.storyboard; sourceTree = "<group>"; };
		D29DCFB1268D4303002759B1 /* Assets.xcassets */ = {isa = PBXFileReference; lastKnownFileType = folder.assetcatalog; path = Assets.xcassets; sourceTree = "<group>"; };
		D29DCFB4268D4303002759B1 /* Base */ = {isa = PBXFileReference; lastKnownFileType = file.storyboard; name = Base; path = Base.lproj/LaunchScreen.storyboard; sourceTree = "<group>"; };
		D29DCFB6268D4303002759B1 /* Info.plist */ = {isa = PBXFileReference; lastKnownFileType = text.plist.xml; path = Info.plist; sourceTree = "<group>"; };
		D29DCFBD268D4409002759B1 /* FilmTableViewController.swift */ = {isa = PBXFileReference; lastKnownFileType = sourcecode.swift; path = FilmTableViewController.swift; sourceTree = "<group>"; };
		D29DCFC0268D44D9002759B1 /* Film.swift */ = {isa = PBXFileReference; lastKnownFileType = sourcecode.swift; path = Film.swift; sourceTree = "<group>"; };
		D29DCFC4268D4F15002759B1 /* FilmCell.swift */ = {isa = PBXFileReference; lastKnownFileType = sourcecode.swift; path = FilmCell.swift; sourceTree = "<group>"; };
/* End PBXFileReference section */

/* Begin PBXFrameworksBuildPhase section */
		D29DCFA2268D4302002759B1 /* Frameworks */ = {
			isa = PBXFrameworksBuildPhase;
			buildActionMask = 2147483647;
			files = (
			);
			runOnlyForDeploymentPostprocessing = 0;
		};
/* End PBXFrameworksBuildPhase section */

/* Begin PBXGroup section */
		D29DCF9C268D4302002759B1 = {
			isa = PBXGroup;
			children = (
				D29DCFA7268D4302002759B1 /* MyFilms */,
				D29DCFA6268D4302002759B1 /* Products */,
			);
			sourceTree = "<group>";
		};
		D29DCFA6268D4302002759B1 /* Products */ = {
			isa = PBXGroup;
			children = (
				D29DCFA5268D4302002759B1 /* MyFilms.app */,
			);
			name = Products;
			sourceTree = "<group>";
		};
		D29DCFA7268D4302002759B1 /* MyFilms */ = {
			isa = PBXGroup;
			children = (
				D29DCFA8268D4302002759B1 /* AppDelegate.swift */,
				D29DCFAA268D4302002759B1 /* SceneDelegate.swift */,
				D29DCFAC268D4302002759B1 /* ViewController.swift */,
				D29DCFBD268D4409002759B1 /* FilmTableViewController.swift */,
				D29DCFC0268D44D9002759B1 /* Film.swift */,
				D29DCFAE268D4302002759B1 /* Main.storyboard */,
				D29DCFC4268D4F15002759B1 /* FilmCell.swift */,
				D29DCFB1268D4303002759B1 /* Assets.xcassets */,
				D29DCFB3268D4303002759B1 /* LaunchScreen.storyboard */,
				D29DCFB6268D4303002759B1 /* Info.plist */,
			);
			path = MyFilms;
			sourceTree = "<group>";
		};
/* End PBXGroup section */

/* Begin PBXNativeTarget section */
		D29DCFA4268D4302002759B1 /* MyFilms */ = {
			isa = PBXNativeTarget;
			buildConfigurationList = D29DCFB9268D4303002759B1 /* Build configuration list for PBXNativeTarget "MyFilms" */;
			buildPhases = (
				D29DCFA1268D4302002759B1 /* Sources */,
				D29DCFA2268D4302002759B1 /* Frameworks */,
				D29DCFA3268D4302002759B1 /* Resources */,
			);
			buildRules = (
			);
			dependencies = (
			);
			name = MyFilms;
			productName = MyFilms;
			productReference = D29DCFA5268D4302002759B1 /* MyFilms.app */;
			productType = "com.apple.product-type.application";
		};
/* End PBXNativeTarget section */

/* Begin PBXProject section */
		D29DCF9D268D4302002759B1 /* Project object */ = {
			isa = PBXProject;
			attributes = {
				LastSwiftUpdateCheck = 1240;
				LastUpgradeCheck = 1240;
				TargetAttributes = {
					D29DCFA4268D4302002759B1 = {
						CreatedOnToolsVersion = 12.4;
					};
				};
			};
			buildConfigurationList = D29DCFA0268D4302002759B1 /* Build configuration list for PBXProject "MyFilms" */;
			compatibilityVersion = "Xcode 9.3";
			developmentRegion = en;
			hasScannedForEncodings = 0;
			knownRegions = (
				en,
				Base,
			);
			mainGroup = D29DCF9C268D4302002759B1;
			productRefGroup = D29DCFA6268D4302002759B1 /* Products */;
			projectDirPath = "";
			projectRoot = "";
			targets = (
				D29DCFA4268D4302002759B1 /* MyFilms */,
			);
		};
/* End PBXProject section */

/* Begin PBXResourcesBuildPhase section */
		D29DCFA3268D4302002759B1 /* Resources */ = {
			isa = PBXResourcesBuildPhase;
			buildActionMask = 2147483647;
			files = (
				D29DCFB5268D4303002759B1 /* LaunchScreen.storyboard in Resources */,
				D29DCFB2268D4303002759B1 /* Assets.xcassets in Resources */,
				D29DCFB0268D4302002759B1 /* Main.storyboard in Resources */,
			);
			runOnlyForDeploymentPostprocessing = 0;
		};
/* End PBXResourcesBuildPhase section */

/* Begin PBXSourcesBuildPhase section */
		D29DCFA1268D4302002759B1 /* Sources */ = {
			isa = PBXSourcesBuildPhase;
			buildActionMask = 2147483647;
			files = (
				D29DCFAD268D4302002759B1 /* ViewController.swift in Sources */,
				D29DCFA9268D4302002759B1 /* AppDelegate.swift in Sources */,
				D29DCFC1268D44D9002759B1 /* Film.swift in Sources */,
				D29DCFC5268D4F15002759B1 /* FilmCell.swift in Sources */,
				D29DCFAB268D4302002759B1 /* SceneDelegate.swift in Sources */,
				D29DCFBE268D440A002759B1 /* FilmTableViewController.swift in Sources */,
			);
			runOnlyForDeploymentPostprocessing = 0;
		};
/* End PBXSourcesBuildPhase section */

/* Begin PBXVariantGroup section */
		D29DCFAE268D4302002759B1 /* Main.storyboard */ = {
			isa = PBXVariantGroup;
			children = (
				D29DCFAF268D4302002759B1 /* Base */,
			);
			name = Main.storyboard;
			sourceTree = "<group>";
		};
		D29DCFB3268D4303002759B1 /* LaunchScreen.storyboard */ = {
			isa = PBXVariantGroup;
			children = (
				D29DCFB4268D4303002759B1 /* Base */,
			);
			name = LaunchScreen.storyboard;
			sourceTree = "<group>";
		};
/* End PBXVariantGroup section */

/* Begin XCBuildConfiguration section */
		D29DCFB7268D4303002759B1 /* Debug */ = {
			isa = XCBuildConfiguration;
			buildSettings = {
				ALWAYS_SEARCH_USER_PATHS = NO;
				CLANG_ANALYZER_NONNULL = YES;
				CLANG_ANALYZER_NUMBER_OBJECT_CONVERSION = YES_AGGRESSIVE;
				CLANG_CXX_LANGUAGE_STANDARD = "gnu++14";
				CLANG_CXX_LIBRARY = "libc++";
				CLANG_ENABLE_MODULES = YES;
				CLANG_ENABLE_OBJC_ARC = YES;
				CLANG_ENABLE_OBJC_WEAK = YES;
				CLANG_WARN_BLOCK_CAPTURE_AUTORELEASING = YES;
				CLANG_WARN_BOOL_CONVERSION = YES;
				CLANG_WARN_COMMA = YES;
				CLANG_WARN_CONSTANT_CONVERSION = YES;
				CLANG_WARN_DEPRECATED_OBJC_IMPLEMENTATIONS = YES;
				CLANG_WARN_DIRECT_OBJC_ISA_USAGE = YES_ERROR;
				CLANG_WARN_DOCUMENTATION_COMMENTS = YES;
				CLANG_WARN_EMPTY_BODY = YES;
				CLANG_WARN_ENUM_CONVERSION = YES;
				CLANG_WARN_INFINITE_RECURSION = YES;
				CLANG_WARN_INT_CONVERSION = YES;
				CLANG_WARN_NON_LITERAL_NULL_CONVERSION = YES;
				CLANG_WARN_OBJC_IMPLICIT_RETAIN_SELF = YES;
				CLANG_WARN_OBJC_LITERAL_CONVERSION = YES;
				CLANG_WARN_OBJC_ROOT_CLASS = YES_ERROR;
				CLANG_WARN_QUOTED_INCLUDE_IN_FRAMEWORK_HEADER = YES;
				CLANG_WARN_RANGE_LOOP_ANALYSIS = YES;
				CLANG_WARN_STRICT_PROTOTYPES = YES;
				CLANG_WARN_SUSPICIOUS_MOVE = YES;
				CLANG_WARN_UNGUARDED_AVAILABILITY = YES_AGGRESSIVE;
				CLANG_WARN_UNREACHABLE_CODE = YES;
				CLANG_WARN__DUPLICATE_METHOD_MATCH = YES;
				COPY_PHASE_STRIP = NO;
				DEBUG_INFORMATION_FORMAT = dwarf;
				ENABLE_STRICT_OBJC_MSGSEND = YES;
				ENABLE_TESTABILITY = YES;
				GCC_C_LANGUAGE_STANDARD = gnu11;
				GCC_DYNAMIC_NO_PIC = NO;
				GCC_NO_COMMON_BLOCKS = YES;
				GCC_OPTIMIZATION_LEVEL = 0;
				GCC_PREPROCESSOR_DEFINITIONS = (
					"DEBUG=1",
					"$(inherited)",
				);
				GCC_WARN_64_TO_32_BIT_CONVERSION = YES;
				GCC_WARN_ABOUT_RETURN_TYPE = YES_ERROR;
				GCC_WARN_UNDECLARED_SELECTOR = YES;
				GCC_WARN_UNINITIALIZED_AUTOS = YES_AGGRESSIVE;
				GCC_WARN_UNUSED_FUNCTION = YES;
				GCC_WARN_UNUSED_VARIABLE = YES;
				IPHONEOS_DEPLOYMENT_TARGET = 14.4;
				MTL_ENABLE_DEBUG_INFO = INCLUDE_SOURCE;
				MTL_FAST_MATH = YES;
				ONLY_ACTIVE_ARCH = YES;
				SDKROOT = iphoneos;
				SWIFT_ACTIVE_COMPILATION_CONDITIONS = DEBUG;
				SWIFT_OPTIMIZATION_LEVEL = "-Onone";
			};
			name = Debug;
		};
		D29DCFB8268D4303002759B1 /* Release */ = {
			isa = XCBuildConfiguration;
			buildSettings = {
				ALWAYS_SEARCH_USER_PATHS = NO;
				CLANG_ANALYZER_NONNULL = YES;
				CLANG_ANALYZER_NUMBER_OBJECT_CONVERSION = YES_AGGRESSIVE;
				CLANG_CXX_LANGUAGE_STANDARD = "gnu++14";
				CLANG_CXX_LIBRARY = "libc++";
				CLANG_ENABLE_MODULES = YES;
				CLANG_ENABLE_OBJC_ARC = YES;
				CLANG_ENABLE_OBJC_WEAK = YES;
				CLANG_WARN_BLOCK_CAPTURE_AUTORELEASING = YES;
				CLANG_WARN_BOOL_CONVERSION = YES;
				CLANG_WARN_COMMA = YES;
				CLANG_WARN_CONSTANT_CONVERSION = YES;
				CLANG_WARN_DEPRECATED_OBJC_IMPLEMENTATIONS = YES;
				CLANG_WARN_DIRECT_OBJC_ISA_USAGE = YES_ERROR;
				CLANG_WARN_DOCUMENTATION_COMMENTS = YES;
				CLANG_WARN_EMPTY_BODY = YES;
				CLANG_WARN_ENUM_CONVERSION = YES;
				CLANG_WARN_INFINITE_RECURSION = YES;
				CLANG_WARN_INT_CONVERSION = YES;
				CLANG_WARN_NON_LITERAL_NULL_CONVERSION = YES;
				CLANG_WARN_OBJC_IMPLICIT_RETAIN_SELF = YES;
				CLANG_WARN_OBJC_LITERAL_CONVERSION = YES;
				CLANG_WARN_OBJC_ROOT_CLASS = YES_ERROR;
				CLANG_WARN_QUOTED_INCLUDE_IN_FRAMEWORK_HEADER = YES;
				CLANG_WARN_RANGE_LOOP_ANALYSIS = YES;
				CLANG_WARN_STRICT_PROTOTYPES = YES;
				CLANG_WARN_SUSPICIOUS_MOVE = YES;
				CLANG_WARN_UNGUARDED_AVAILABILITY = YES_AGGRESSIVE;
				CLANG_WARN_UNREACHABLE_CODE = YES;
				CLANG_WARN__DUPLICATE_METHOD_MATCH = YES;
				COPY_PHASE_STRIP = NO;
				DEBUG_INFORMATION_FORMAT = "dwarf-with-dsym";
				ENABLE_NS_ASSERTIONS = NO;
				ENABLE_STRICT_OBJC_MSGSEND = YES;
				GCC_C_LANGUAGE_STANDARD = gnu11;
				GCC_NO_COMMON_BLOCKS = YES;
				GCC_WARN_64_TO_32_BIT_CONVERSION = YES;
				GCC_WARN_ABOUT_RETURN_TYPE = YES_ERROR;
				GCC_WARN_UNDECLARED_SELECTOR = YES;
				GCC_WARN_UNINITIALIZED_AUTOS = YES_AGGRESSIVE;
				GCC_WARN_UNUSED_FUNCTION = YES;
				GCC_WARN_UNUSED_VARIABLE = YES;
				IPHONEOS_DEPLOYMENT_TARGET = 14.4;
				MTL_ENABLE_DEBUG_INFO = NO;
				MTL_FAST_MATH = YES;
				SDKROOT = iphoneos;
				SWIFT_COMPILATION_MODE = wholemodule;
				SWIFT_OPTIMIZATION_LEVEL = "-O";
				VALIDATE_PRODUCT = YES;
			};
			name = Release;
		};
		D29DCFBA268D4303002759B1 /* Debug */ = {
			isa = XCBuildConfiguration;
			buildSettings = {
				ASSETCATALOG_COMPILER_APPICON_NAME = AppIcon;
				ASSETCATALOG_COMPILER_GLOBAL_ACCENT_COLOR_NAME = AccentColor;
				CODE_SIGN_STYLE = Automatic;
				DEVELOPMENT_TEAM = 4MHXQ8N5LK;
				INFOPLIST_FILE = MyFilms/Info.plist;
				LD_RUNPATH_SEARCH_PATHS = (
					"$(inherited)",
					"@executable_path/Frameworks",
				);
				PRODUCT_BUNDLE_IDENTIFIER = "Victor-Ponciano.MyFilms";
				PRODUCT_NAME = "$(TARGET_NAME)";
				SWIFT_VERSION = 5.0;
				TARGETED_DEVICE_FAMILY = "1,2";
			};
			name = Debug;
		};
		D29DCFBB268D4303002759B1 /* Release */ = {
			isa = XCBuildConfiguration;
			buildSettings = {
				ASSETCATALOG_COMPILER_APPICON_NAME = AppIcon;
				ASSETCATALOG_COMPILER_GLOBAL_ACCENT_COLOR_NAME = AccentColor;
				CODE_SIGN_STYLE = Automatic;
				DEVELOPMENT_TEAM = 4MHXQ8N5LK;
				INFOPLIST_FILE = MyFilms/Info.plist;
				LD_RUNPATH_SEARCH_PATHS = (
					"$(inherited)",
					"@executable_path/Frameworks",
				);
				PRODUCT_BUNDLE_IDENTIFIER = "Victor-Ponciano.MyFilms";
				PRODUCT_NAME = "$(TARGET_NAME)";
				SWIFT_VERSION = 5.0;
				TARGETED_DEVICE_FAMILY = "1,2";
			};
			name = Release;
		};
/* End XCBuildConfiguration section */

/* Begin XCConfigurationList section */
		D29DCFA0268D4302002759B1 /* Build configuration list for PBXProject "MyFilms" */ = {
			isa = XCConfigurationList;
			buildConfigurations = (
				D29DCFB7268D4303002759B1 /* Debug */,
				D29DCFB8268D4303002759B1 /* Release */,
			);
			defaultConfigurationIsVisible = 0;
			defaultConfigurationName = Release;
		};
		D29DCFB9268D4303002759B1 /* Build configuration list for PBXNativeTarget "MyFilms" */ = {
			isa = XCConfigurationList;
			buildConfigurations = (
				D29DCFBA268D4303002759B1 /* Debug */,
				D29DCFBB268D4303002759B1 /* Release */,
			);
			defaultConfigurationIsVisible = 0;
			defaultConfigurationName = Release;
		};
/* End XCConfigurationList section */
	};
	rootObject = D29DCF9D268D4302002759B1 /* Project object */;
}
