// !$*UTF8*$!
{
	archiveVersion = 1;
	classes = {
	};
	objectVersion = 50;
	objects = {

/* Begin PBXBuildFile section */
		D2848DE1268CF65F005964EB /* AppDelegate.swift in Sources */ = {isa = PBXBuildFile; fileRef = D2848DE0268CF65F005964EB /* AppDelegate.swift */; };
		D2848DE3268CF65F005964EB /* SceneDelegate.swift in Sources */ = {isa = PBXBuildFile; fileRef = D2848DE2268CF65F005964EB /* SceneDelegate.swift */; };
		D2848DE5268CF65F005964EB /* ViewController.swift in Sources */ = {isa = PBXBuildFile; fileRef = D2848DE4268CF65F005964EB /* ViewController.swift */; };
		D2848DE8268CF65F005964EB /* Main.storyboard in Resources */ = {isa = PBXBuildFile; fileRef = D2848DE6268CF65F005964EB /* Main.storyboard */; };
		D2848DEA268CF660005964EB /* Assets.xcassets in Resources */ = {isa = PBXBuildFile; fileRef = D2848DE9268CF660005964EB /* Assets.xcassets */; };
		D2848DED268CF660005964EB /* LaunchScreen.storyboard in Resources */ = {isa = PBXBuildFile; fileRef = D2848DEB268CF660005964EB /* LaunchScreen.storyboard */; };
		D2848DF7268CF6CA005964EB /* EstudosTableViewController.swift in Sources */ = {isa = PBXBuildFile; fileRef = D2848DF6268CF6CA005964EB /* EstudosTableViewController.swift */; };
/* End PBXBuildFile section */

/* Begin PBXFileReference section */
		D2848DDD268CF65F005964EB /* TableViewEstudos.app */ = {isa = PBXFileReference; explicitFileType = wrapper.application; includeInIndex = 0; path = TableViewEstudos.app; sourceTree = BUILT_PRODUCTS_DIR; };
		D2848DE0268CF65F005964EB /* AppDelegate.swift */ = {isa = PBXFileReference; lastKnownFileType = sourcecode.swift; path = AppDelegate.swift; sourceTree = "<group>"; };
		D2848DE2268CF65F005964EB /* SceneDelegate.swift */ = {isa = PBXFileReference; lastKnownFileType = sourcecode.swift; path = SceneDelegate.swift; sourceTree = "<group>"; };
		D2848DE4268CF65F005964EB /* ViewController.swift */ = {isa = PBXFileReference; lastKnownFileType = sourcecode.swift; path = ViewController.swift; sourceTree = "<group>"; };
		D2848DE7268CF65F005964EB /* Base */ = {isa = PBXFileReference; lastKnownFileType = file.storyboard; name = Base; path = Base.lproj/Main.storyboard; sourceTree = "<group>"; };
		D2848DE9268CF660005964EB /* Assets.xcassets */ = {isa = PBXFileReference; lastKnownFileType = folder.assetcatalog; path = Assets.xcassets; sourceTree = "<group>"; };
		D2848DEC268CF660005964EB /* Base */ = {isa = PBXFileReference; lastKnownFileType = file.storyboard; name = Base; path = Base.lproj/LaunchScreen.storyboard; sourceTree = "<group>"; };
		D2848DEE268CF660005964EB /* Info.plist */ = {isa = PBXFileReference; lastKnownFileType = text.plist.xml; path = Info.plist; sourceTree = "<group>"; };
		D2848DF6268CF6CA005964EB /* EstudosTableViewController.swift */ = {isa = PBXFileReference; lastKnownFileType = sourcecode.swift; path = EstudosTableViewController.swift; sourceTree = "<group>"; };
/* End PBXFileReference section */

/* Begin PBXFrameworksBuildPhase section */
		D2848DDA268CF65F005964EB /* Frameworks */ = {
			isa = PBXFrameworksBuildPhase;
			buildActionMask = 2147483647;
			files = (
			);
			runOnlyForDeploymentPostprocessing = 0;
		};
/* End PBXFrameworksBuildPhase section */

/* Begin PBXGroup section */
		D2848DD4268CF65E005964EB = {
			isa = PBXGroup;
			children = (
				D2848DDF268CF65F005964EB /* TableViewEstudos */,
				D2848DDE268CF65F005964EB /* Products */,
			);
			sourceTree = "<group>";
		};
		D2848DDE268CF65F005964EB /* Products */ = {
			isa = PBXGroup;
			children = (
				D2848DDD268CF65F005964EB /* TableViewEstudos.app */,
			);
			name = Products;
			sourceTree = "<group>";
		};
		D2848DDF268CF65F005964EB /* TableViewEstudos */ = {
			isa = PBXGroup;
			children = (
				D2848DE0268CF65F005964EB /* AppDelegate.swift */,
				D2848DE2268CF65F005964EB /* SceneDelegate.swift */,
				D2848DE4268CF65F005964EB /* ViewController.swift */,
				D2848DF6268CF6CA005964EB /* EstudosTableViewController.swift */,
				D2848DE6268CF65F005964EB /* Main.storyboard */,
				D2848DE9268CF660005964EB /* Assets.xcassets */,
				D2848DEB268CF660005964EB /* LaunchScreen.storyboard */,
				D2848DEE268CF660005964EB /* Info.plist */,
			);
			path = TableViewEstudos;
			sourceTree = "<group>";
		};
/* End PBXGroup section */

/* Begin PBXNativeTarget section */
		D2848DDC268CF65F005964EB /* TableViewEstudos */ = {
			isa = PBXNativeTarget;
			buildConfigurationList = D2848DF1268CF660005964EB /* Build configuration list for PBXNativeTarget "TableViewEstudos" */;
			buildPhases = (
				D2848DD9268CF65F005964EB /* Sources */,
				D2848DDA268CF65F005964EB /* Frameworks */,
				D2848DDB268CF65F005964EB /* Resources */,
			);
			buildRules = (
			);
			dependencies = (
			);
			name = TableViewEstudos;
			productName = TableViewEstudos;
			productReference = D2848DDD268CF65F005964EB /* TableViewEstudos.app */;
			productType = "com.apple.product-type.application";
		};
/* End PBXNativeTarget section */

/* Begin PBXProject section */
		D2848DD5268CF65E005964EB /* Project object */ = {
			isa = PBXProject;
			attributes = {
				LastSwiftUpdateCheck = 1240;
				LastUpgradeCheck = 1240;
				TargetAttributes = {
					D2848DDC268CF65F005964EB = {
						CreatedOnToolsVersion = 12.4;
					};
				};
			};
			buildConfigurationList = D2848DD8268CF65E005964EB /* Build configuration list for PBXProject "TableViewEstudos" */;
			compatibilityVersion = "Xcode 9.3";
			developmentRegion = en;
			hasScannedForEncodings = 0;
			knownRegions = (
				en,
				Base,
			);
			mainGroup = D2848DD4268CF65E005964EB;
			productRefGroup = D2848DDE268CF65F005964EB /* Products */;
			projectDirPath = "";
			projectRoot = "";
			targets = (
				D2848DDC268CF65F005964EB /* TableViewEstudos */,
			);
		};
/* End PBXProject section */

/* Begin PBXResourcesBuildPhase section */
		D2848DDB268CF65F005964EB /* Resources */ = {
			isa = PBXResourcesBuildPhase;
			buildActionMask = 2147483647;
			files = (
				D2848DED268CF660005964EB /* LaunchScreen.storyboard in Resources */,
				D2848DEA268CF660005964EB /* Assets.xcassets in Resources */,
				D2848DE8268CF65F005964EB /* Main.storyboard in Resources */,
			);
			runOnlyForDeploymentPostprocessing = 0;
		};
/* End PBXResourcesBuildPhase section */

/* Begin PBXSourcesBuildPhase section */
		D2848DD9268CF65F005964EB /* Sources */ = {
			isa = PBXSourcesBuildPhase;
			buildActionMask = 2147483647;
			files = (
				D2848DE5268CF65F005964EB /* ViewController.swift in Sources */,
				D2848DE1268CF65F005964EB /* AppDelegate.swift in Sources */,
				D2848DF7268CF6CA005964EB /* EstudosTableViewController.swift in Sources */,
				D2848DE3268CF65F005964EB /* SceneDelegate.swift in Sources */,
			);
			runOnlyForDeploymentPostprocessing = 0;
		};
/* End PBXSourcesBuildPhase section */

/* Begin PBXVariantGroup section */
		D2848DE6268CF65F005964EB /* Main.storyboard */ = {
			isa = PBXVariantGroup;
			children = (
				D2848DE7268CF65F005964EB /* Base */,
			);
			name = Main.storyboard;
			sourceTree = "<group>";
		};
		D2848DEB268CF660005964EB /* LaunchScreen.storyboard */ = {
			isa = PBXVariantGroup;
			children = (
				D2848DEC268CF660005964EB /* Base */,
			);
			name = LaunchScreen.storyboard;
			sourceTree = "<group>";
		};
/* End PBXVariantGroup section */

/* Begin XCBuildConfiguration section */
		D2848DEF268CF660005964EB /* Debug */ = {
			isa = XCBuildConfiguration;
			buildSettings = {
				ALWAYS_SEARCH_USER_PATHS = NO;
				CLANG_ANALYZER_NONNULL = YES;
				CLANG_ANALYZER_NUMBER_OBJECT_CONVERSION = YES_AGGRESSIVE;
				CLANG_CXX_LANGUAGE_STANDARD = "gnu++14";
				CLANG_CXX_LIBRARY = "libc++";
				CLANG_ENABLE_MODULES = YES;
				CLANG_ENABLE_OBJC_ARC = YES;
				CLANG_ENABLE_OBJC_WEAK = YES;
				CLANG_WARN_BLOCK_CAPTURE_AUTORELEASING = YES;
				CLANG_WARN_BOOL_CONVERSION = YES;
				CLANG_WARN_COMMA = YES;
				CLANG_WARN_CONSTANT_CONVERSION = YES;
				CLANG_WARN_DEPRECATED_OBJC_IMPLEMENTATIONS = YES;
				CLANG_WARN_DIRECT_OBJC_ISA_USAGE = YES_ERROR;
				CLANG_WARN_DOCUMENTATION_COMMENTS = YES;
				CLANG_WARN_EMPTY_BODY = YES;
				CLANG_WARN_ENUM_CONVERSION = YES;
				CLANG_WARN_INFINITE_RECURSION = YES;
				CLANG_WARN_INT_CONVERSION = YES;
				CLANG_WARN_NON_LITERAL_NULL_CONVERSION = YES;
				CLANG_WARN_OBJC_IMPLICIT_RETAIN_SELF = YES;
				CLANG_WARN_OBJC_LITERAL_CONVERSION = YES;
				CLANG_WARN_OBJC_ROOT_CLASS = YES_ERROR;
				CLANG_WARN_QUOTED_INCLUDE_IN_FRAMEWORK_HEADER = YES;
				CLANG_WARN_RANGE_LOOP_ANALYSIS = YES;
				CLANG_WARN_STRICT_PROTOTYPES = YES;
				CLANG_WARN_SUSPICIOUS_MOVE = YES;
				CLANG_WARN_UNGUARDED_AVAILABILITY = YES_AGGRESSIVE;
				CLANG_WARN_UNREACHABLE_CODE = YES;
				CLANG_WARN__DUPLICATE_METHOD_MATCH = YES;
				COPY_PHASE_STRIP = NO;
				DEBUG_INFORMATION_FORMAT = dwarf;
				ENABLE_STRICT_OBJC_MSGSEND = YES;
				ENABLE_TESTABILITY = YES;
				GCC_C_LANGUAGE_STANDARD = gnu11;
				GCC_DYNAMIC_NO_PIC = NO;
				GCC_NO_COMMON_BLOCKS = YES;
				GCC_OPTIMIZATION_LEVEL = 0;
				GCC_PREPROCESSOR_DEFINITIONS = (
					"DEBUG=1",
					"$(inherited)",
				);
				GCC_WARN_64_TO_32_BIT_CONVERSION = YES;
				GCC_WARN_ABOUT_RETURN_TYPE = YES_ERROR;
				GCC_WARN_UNDECLARED_SELECTOR = YES;
				GCC_WARN_UNINITIALIZED_AUTOS = YES_AGGRESSIVE;
				GCC_WARN_UNUSED_FUNCTION = YES;
				GCC_WARN_UNUSED_VARIABLE = YES;
				IPHONEOS_DEPLOYMENT_TARGET = 14.4;
				MTL_ENABLE_DEBUG_INFO = INCLUDE_SOURCE;
				MTL_FAST_MATH = YES;
				ONLY_ACTIVE_ARCH = YES;
				SDKROOT = iphoneos;
				SWIFT_ACTIVE_COMPILATION_CONDITIONS = DEBUG;
				SWIFT_OPTIMIZATION_LEVEL = "-Onone";
			};
			name = Debug;
		};
		D2848DF0268CF660005964EB /* Release */ = {
			isa = XCBuildConfiguration;
			buildSettings = {
				ALWAYS_SEARCH_USER_PATHS = NO;
				CLANG_ANALYZER_NONNULL = YES;
				CLANG_ANALYZER_NUMBER_OBJECT_CONVERSION = YES_AGGRESSIVE;
				CLANG_CXX_LANGUAGE_STANDARD = "gnu++14";
				CLANG_CXX_LIBRARY = "libc++";
				CLANG_ENABLE_MODULES = YES;
				CLANG_ENABLE_OBJC_ARC = YES;
				CLANG_ENABLE_OBJC_WEAK = YES;
				CLANG_WARN_BLOCK_CAPTURE_AUTORELEASING = YES;
				CLANG_WARN_BOOL_CONVERSION = YES;
				CLANG_WARN_COMMA = YES;
				CLANG_WARN_CONSTANT_CONVERSION = YES;
				CLANG_WARN_DEPRECATED_OBJC_IMPLEMENTATIONS = YES;
				CLANG_WARN_DIRECT_OBJC_ISA_USAGE = YES_ERROR;
				CLANG_WARN_DOCUMENTATION_COMMENTS = YES;
				CLANG_WARN_EMPTY_BODY = YES;
				CLANG_WARN_ENUM_CONVERSION = YES;
				CLANG_WARN_INFINITE_RECURSION = YES;
				CLANG_WARN_INT_CONVERSION = YES;
				CLANG_WARN_NON_LITERAL_NULL_CONVERSION = YES;
				CLANG_WARN_OBJC_IMPLICIT_RETAIN_SELF = YES;
				CLANG_WARN_OBJC_LITERAL_CONVERSION = YES;
				CLANG_WARN_OBJC_ROOT_CLASS = YES_ERROR;
				CLANG_WARN_QUOTED_INCLUDE_IN_FRAMEWORK_HEADER = YES;
				CLANG_WARN_RANGE_LOOP_ANALYSIS = YES;
				CLANG_WARN_STRICT_PROTOTYPES = YES;
				CLANG_WARN_SUSPICIOUS_MOVE = YES;
				CLANG_WARN_UNGUARDED_AVAILABILITY = YES_AGGRESSIVE;
				CLANG_WARN_UNREACHABLE_CODE = YES;
				CLANG_WARN__DUPLICATE_METHOD_MATCH = YES;
				COPY_PHASE_STRIP = NO;
				DEBUG_INFORMATION_FORMAT = "dwarf-with-dsym";
				ENABLE_NS_ASSERTIONS = NO;
				ENABLE_STRICT_OBJC_MSGSEND = YES;
				GCC_C_LANGUAGE_STANDARD = gnu11;
				GCC_NO_COMMON_BLOCKS = YES;
				GCC_WARN_64_TO_32_BIT_CONVERSION = YES;
				GCC_WARN_ABOUT_RETURN_TYPE = YES_ERROR;
				GCC_WARN_UNDECLARED_SELECTOR = YES;
				GCC_WARN_UNINITIALIZED_AUTOS = YES_AGGRESSIVE;
				GCC_WARN_UNUSED_FUNCTION = YES;
				GCC_WARN_UNUSED_VARIABLE = YES;
				IPHONEOS_DEPLOYMENT_TARGET = 14.4;
				MTL_ENABLE_DEBUG_INFO = NO;
				MTL_FAST_MATH = YES;
				SDKROOT = iphoneos;
				SWIFT_COMPILATION_MODE = wholemodule;
				SWIFT_OPTIMIZATION_LEVEL = "-O";
				VALIDATE_PRODUCT = YES;
			};
			name = Release;
		};
		D2848DF2268CF660005964EB /* Debug */ = {
			isa = XCBuildConfiguration;
			buildSettings = {
				ASSETCATALOG_COMPILER_APPICON_NAME = AppIcon;
				ASSETCATALOG_COMPILER_GLOBAL_ACCENT_COLOR_NAME = AccentColor;
				CODE_SIGN_STYLE = Automatic;
				DEVELOPMENT_TEAM = 4MHXQ8N5LK;
				INFOPLIST_FILE = TableViewEstudos/Info.plist;
				LD_RUNPATH_SEARCH_PATHS = (
					"$(inherited)",
					"@executable_path/Frameworks",
				);
				PRODUCT_BUNDLE_IDENTIFIER = "Victor-Ponciano.TableViewEstudos";
				PRODUCT_NAME = "$(TARGET_NAME)";
				SWIFT_VERSION = 5.0;
				TARGETED_DEVICE_FAMILY = 1;
			};
			name = Debug;
		};
		D2848DF3268CF660005964EB /* Release */ = {
			isa = XCBuildConfiguration;
			buildSettings = {
				ASSETCATALOG_COMPILER_APPICON_NAME = AppIcon;
				ASSETCATALOG_COMPILER_GLOBAL_ACCENT_COLOR_NAME = AccentColor;
				CODE_SIGN_STYLE = Automatic;
				DEVELOPMENT_TEAM = 4MHXQ8N5LK;
				INFOPLIST_FILE = TableViewEstudos/Info.plist;
				LD_RUNPATH_SEARCH_PATHS = (
					"$(inherited)",
					"@executable_path/Frameworks",
				);
				PRODUCT_BUNDLE_IDENTIFIER = "Victor-Ponciano.TableViewEstudos";
				PRODUCT_NAME = "$(TARGET_NAME)";
				SWIFT_VERSION = 5.0;
				TARGETED_DEVICE_FAMILY = 1;
			};
			name = Release;
		};
/* End XCBuildConfiguration section */

/* Begin XCConfigurationList section */
		D2848DD8268CF65E005964EB /* Build configuration list for PBXProject "TableViewEstudos" */ = {
			isa = XCConfigurationList;
			buildConfigurations = (
				D2848DEF268CF660005964EB /* Debug */,
				D2848DF0268CF660005964EB /* Release */,
			);
			defaultConfigurationIsVisible = 0;
			defaultConfigurationName = Release;
		};
		D2848DF1268CF660005964EB /* Build configuration list for PBXNativeTarget "TableViewEstudos" */ = {
			isa = XCConfigurationList;
			buildConfigurations = (
				D2848DF2268CF660005964EB /* Debug */,
				D2848DF3268CF660005964EB /* Release */,
			);
			defaultConfigurationIsVisible = 0;
			defaultConfigurationName = Release;
		};
/* End XCConfigurationList section */
	};
	rootObject = D2848DD5268CF65E005964EB /* Project object */;
}
