// !$*UTF8*$!
{
	archiveVersion = 1;
	classes = {
	};
	objectVersion = 50;
	objects = {

/* Begin PBXBuildFile section */
		D2B3E2BA268A4BA300E60036 /* AppDelegate.swift in Sources */ = {isa = PBXBuildFile; fileRef = D2B3E2B9268A4BA300E60036 /* AppDelegate.swift */; };
		D2B3E2BC268A4BA300E60036 /* SceneDelegate.swift in Sources */ = {isa = PBXBuildFile; fileRef = D2B3E2BB268A4BA300E60036 /* SceneDelegate.swift */; };
		D2B3E2BE268A4BA300E60036 /* ViewController.swift in Sources */ = {isa = PBXBuildFile; fileRef = D2B3E2BD268A4BA300E60036 /* ViewController.swift */; };
		D2B3E2C1268A4BA300E60036 /* Main.storyboard in Resources */ = {isa = PBXBuildFile; fileRef = D2B3E2BF268A4BA300E60036 /* Main.storyboard */; };
		D2B3E2C3268A4BA400E60036 /* Assets.xcassets in Resources */ = {isa = PBXBuildFile; fileRef = D2B3E2C2268A4BA400E60036 /* Assets.xcassets */; };
		D2B3E2C6268A4BA400E60036 /* LaunchScreen.storyboard in Resources */ = {isa = PBXBuildFile; fileRef = D2B3E2C4268A4BA400E60036 /* LaunchScreen.storyboard */; };
/* End PBXBuildFile section */

/* Begin PBXFileReference section */
		D2B3E2B6268A4BA300E60036 /* Estudando_o_Basicoo.app */ = {isa = PBXFileReference; explicitFileType = wrapper.application; includeInIndex = 0; path = Estudando_o_Basicoo.app; sourceTree = BUILT_PRODUCTS_DIR; };
		D2B3E2B9268A4BA300E60036 /* AppDelegate.swift */ = {isa = PBXFileReference; lastKnownFileType = sourcecode.swift; path = AppDelegate.swift; sourceTree = "<group>"; };
		D2B3E2BB268A4BA300E60036 /* SceneDelegate.swift */ = {isa = PBXFileReference; lastKnownFileType = sourcecode.swift; path = SceneDelegate.swift; sourceTree = "<group>"; };
		D2B3E2BD268A4BA300E60036 /* ViewController.swift */ = {isa = PBXFileReference; lastKnownFileType = sourcecode.swift; path = ViewController.swift; sourceTree = "<group>"; };
		D2B3E2C0268A4BA300E60036 /* Base */ = {isa = PBXFileReference; lastKnownFileType = file.storyboard; name = Base; path = Base.lproj/Main.storyboard; sourceTree = "<group>"; };
		D2B3E2C2268A4BA400E60036 /* Assets.xcassets */ = {isa = PBXFileReference; lastKnownFileType = folder.assetcatalog; path = Assets.xcassets; sourceTree = "<group>"; };
		D2B3E2C5268A4BA400E60036 /* Base */ = {isa = PBXFileReference; lastKnownFileType = file.storyboard; name = Base; path = Base.lproj/LaunchScreen.storyboard; sourceTree = "<group>"; };
		D2B3E2C7268A4BA400E60036 /* Info.plist */ = {isa = PBXFileReference; lastKnownFileType = text.plist.xml; path = Info.plist; sourceTree = "<group>"; };
/* End PBXFileReference section */

/* Begin PBXFrameworksBuildPhase section */
		D2B3E2B3268A4BA300E60036 /* Frameworks */ = {
			isa = PBXFrameworksBuildPhase;
			buildActionMask = 2147483647;
			files = (
			);
			runOnlyForDeploymentPostprocessing = 0;
		};
/* End PBXFrameworksBuildPhase section */

/* Begin PBXGroup section */
		D2B3E2AD268A4BA300E60036 = {
			isa = PBXGroup;
			children = (
				D2B3E2B8268A4BA300E60036 /* Estudando_o_Basicoo */,
				D2B3E2B7268A4BA300E60036 /* Products */,
			);
			sourceTree = "<group>";
		};
		D2B3E2B7268A4BA300E60036 /* Products */ = {
			isa = PBXGroup;
			children = (
				D2B3E2B6268A4BA300E60036 /* Estudando_o_Basicoo.app */,
			);
			name = Products;
			sourceTree = "<group>";
		};
		D2B3E2B8268A4BA300E60036 /* Estudando_o_Basicoo */ = {
			isa = PBXGroup;
			children = (
				D2B3E2B9268A4BA300E60036 /* AppDelegate.swift */,
				D2B3E2BB268A4BA300E60036 /* SceneDelegate.swift */,
				D2B3E2BD268A4BA300E60036 /* ViewController.swift */,
				D2B3E2BF268A4BA300E60036 /* Main.storyboard */,
				D2B3E2C2268A4BA400E60036 /* Assets.xcassets */,
				D2B3E2C4268A4BA400E60036 /* LaunchScreen.storyboard */,
				D2B3E2C7268A4BA400E60036 /* Info.plist */,
			);
			path = Estudando_o_Basicoo;
			sourceTree = "<group>";
		};
/* End PBXGroup section */

/* Begin PBXNativeTarget section */
		D2B3E2B5268A4BA300E60036 /* Estudando_o_Basicoo */ = {
			isa = PBXNativeTarget;
			buildConfigurationList = D2B3E2CA268A4BA400E60036 /* Build configuration list for PBXNativeTarget "Estudando_o_Basicoo" */;
			buildPhases = (
				D2B3E2B2268A4BA300E60036 /* Sources */,
				D2B3E2B3268A4BA300E60036 /* Frameworks */,
				D2B3E2B4268A4BA300E60036 /* Resources */,
			);
			buildRules = (
			);
			dependencies = (
			);
			name = Estudando_o_Basicoo;
			productName = Estudando_o_Basicoo;
			productReference = D2B3E2B6268A4BA300E60036 /* Estudando_o_Basicoo.app */;
			productType = "com.apple.product-type.application";
		};
/* End PBXNativeTarget section */

/* Begin PBXProject section */
		D2B3E2AE268A4BA300E60036 /* Project object */ = {
			isa = PBXProject;
			attributes = {
				LastSwiftUpdateCheck = 1240;
				LastUpgradeCheck = 1240;
				TargetAttributes = {
					D2B3E2B5268A4BA300E60036 = {
						CreatedOnToolsVersion = 12.4;
					};
				};
			};
			buildConfigurationList = D2B3E2B1268A4BA300E60036 /* Build configuration list for PBXProject "Estudando_o_Basicoo" */;
			compatibilityVersion = "Xcode 9.3";
			developmentRegion = en;
			hasScannedForEncodings = 0;
			knownRegions = (
				en,
				Base,
			);
			mainGroup = D2B3E2AD268A4BA300E60036;
			productRefGroup = D2B3E2B7268A4BA300E60036 /* Products */;
			projectDirPath = "";
			projectRoot = "";
			targets = (
				D2B3E2B5268A4BA300E60036 /* Estudando_o_Basicoo */,
			);
		};
/* End PBXProject section */

/* Begin PBXResourcesBuildPhase section */
		D2B3E2B4268A4BA300E60036 /* Resources */ = {
			isa = PBXResourcesBuildPhase;
			buildActionMask = 2147483647;
			files = (
				D2B3E2C6268A4BA400E60036 /* LaunchScreen.storyboard in Resources */,
				D2B3E2C3268A4BA400E60036 /* Assets.xcassets in Resources */,
				D2B3E2C1268A4BA300E60036 /* Main.storyboard in Resources */,
			);
			runOnlyForDeploymentPostprocessing = 0;
		};
/* End PBXResourcesBuildPhase section */

/* Begin PBXSourcesBuildPhase section */
		D2B3E2B2268A4BA300E60036 /* Sources */ = {
			isa = PBXSourcesBuildPhase;
			buildActionMask = 2147483647;
			files = (
				D2B3E2BE268A4BA300E60036 /* ViewController.swift in Sources */,
				D2B3E2BA268A4BA300E60036 /* AppDelegate.swift in Sources */,
				D2B3E2BC268A4BA300E60036 /* SceneDelegate.swift in Sources */,
			);
			runOnlyForDeploymentPostprocessing = 0;
		};
/* End PBXSourcesBuildPhase section */

/* Begin PBXVariantGroup section */
		D2B3E2BF268A4BA300E60036 /* Main.storyboard */ = {
			isa = PBXVariantGroup;
			children = (
				D2B3E2C0268A4BA300E60036 /* Base */,
			);
			name = Main.storyboard;
			sourceTree = "<group>";
		};
		D2B3E2C4268A4BA400E60036 /* LaunchScreen.storyboard */ = {
			isa = PBXVariantGroup;
			children = (
				D2B3E2C5268A4BA400E60036 /* Base */,
			);
			name = LaunchScreen.storyboard;
			sourceTree = "<group>";
		};
/* End PBXVariantGroup section */

/* Begin XCBuildConfiguration section */
		D2B3E2C8268A4BA400E60036 /* Debug */ = {
			isa = XCBuildConfiguration;
			buildSettings = {
				ALWAYS_SEARCH_USER_PATHS = NO;
				CLANG_ANALYZER_NONNULL = YES;
				CLANG_ANALYZER_NUMBER_OBJECT_CONVERSION = YES_AGGRESSIVE;
				CLANG_CXX_LANGUAGE_STANDARD = "gnu++14";
				CLANG_CXX_LIBRARY = "libc++";
				CLANG_ENABLE_MODULES = YES;
				CLANG_ENABLE_OBJC_ARC = YES;
				CLANG_ENABLE_OBJC_WEAK = YES;
				CLANG_WARN_BLOCK_CAPTURE_AUTORELEASING = YES;
				CLANG_WARN_BOOL_CONVERSION = YES;
				CLANG_WARN_COMMA = YES;
				CLANG_WARN_CONSTANT_CONVERSION = YES;
				CLANG_WARN_DEPRECATED_OBJC_IMPLEMENTATIONS = YES;
				CLANG_WARN_DIRECT_OBJC_ISA_USAGE = YES_ERROR;
				CLANG_WARN_DOCUMENTATION_COMMENTS = YES;
				CLANG_WARN_EMPTY_BODY = YES;
				CLANG_WARN_ENUM_CONVERSION = YES;
				CLANG_WARN_INFINITE_RECURSION = YES;
				CLANG_WARN_INT_CONVERSION = YES;
				CLANG_WARN_NON_LITERAL_NULL_CONVERSION = YES;
				CLANG_WARN_OBJC_IMPLICIT_RETAIN_SELF = YES;
				CLANG_WARN_OBJC_LITERAL_CONVERSION = YES;
				CLANG_WARN_OBJC_ROOT_CLASS = YES_ERROR;
				CLANG_WARN_QUOTED_INCLUDE_IN_FRAMEWORK_HEADER = YES;
				CLANG_WARN_RANGE_LOOP_ANALYSIS = YES;
				CLANG_WARN_STRICT_PROTOTYPES = YES;
				CLANG_WARN_SUSPICIOUS_MOVE = YES;
				CLANG_WARN_UNGUARDED_AVAILABILITY = YES_AGGRESSIVE;
				CLANG_WARN_UNREACHABLE_CODE = YES;
				CLANG_WARN__DUPLICATE_METHOD_MATCH = YES;
				COPY_PHASE_STRIP = NO;
				DEBUG_INFORMATION_FORMAT = dwarf;
				ENABLE_STRICT_OBJC_MSGSEND = YES;
				ENABLE_TESTABILITY = YES;
				GCC_C_LANGUAGE_STANDARD = gnu11;
				GCC_DYNAMIC_NO_PIC = NO;
				GCC_NO_COMMON_BLOCKS = YES;
				GCC_OPTIMIZATION_LEVEL = 0;
				GCC_PREPROCESSOR_DEFINITIONS = (
					"DEBUG=1",
					"$(inherited)",
				);
				GCC_WARN_64_TO_32_BIT_CONVERSION = YES;
				GCC_WARN_ABOUT_RETURN_TYPE = YES_ERROR;
				GCC_WARN_UNDECLARED_SELECTOR = YES;
				GCC_WARN_UNINITIALIZED_AUTOS = YES_AGGRESSIVE;
				GCC_WARN_UNUSED_FUNCTION = YES;
				GCC_WARN_UNUSED_VARIABLE = YES;
				IPHONEOS_DEPLOYMENT_TARGET = 14.4;
				MTL_ENABLE_DEBUG_INFO = INCLUDE_SOURCE;
				MTL_FAST_MATH = YES;
				ONLY_ACTIVE_ARCH = YES;
				SDKROOT = iphoneos;
				SWIFT_ACTIVE_COMPILATION_CONDITIONS = DEBUG;
				SWIFT_OPTIMIZATION_LEVEL = "-Onone";
			};
			name = Debug;
		};
		D2B3E2C9268A4BA400E60036 /* Release */ = {
			isa = XCBuildConfiguration;
			buildSettings = {
				ALWAYS_SEARCH_USER_PATHS = NO;
				CLANG_ANALYZER_NONNULL = YES;
				CLANG_ANALYZER_NUMBER_OBJECT_CONVERSION = YES_AGGRESSIVE;
				CLANG_CXX_LANGUAGE_STANDARD = "gnu++14";
				CLANG_CXX_LIBRARY = "libc++";
				CLANG_ENABLE_MODULES = YES;
				CLANG_ENABLE_OBJC_ARC = YES;
				CLANG_ENABLE_OBJC_WEAK = YES;
				CLANG_WARN_BLOCK_CAPTURE_AUTORELEASING = YES;
				CLANG_WARN_BOOL_CONVERSION = YES;
				CLANG_WARN_COMMA = YES;
				CLANG_WARN_CONSTANT_CONVERSION = YES;
				CLANG_WARN_DEPRECATED_OBJC_IMPLEMENTATIONS = YES;
				CLANG_WARN_DIRECT_OBJC_ISA_USAGE = YES_ERROR;
				CLANG_WARN_DOCUMENTATION_COMMENTS = YES;
				CLANG_WARN_EMPTY_BODY = YES;
				CLANG_WARN_ENUM_CONVERSION = YES;
				CLANG_WARN_INFINITE_RECURSION = YES;
				CLANG_WARN_INT_CONVERSION = YES;
				CLANG_WARN_NON_LITERAL_NULL_CONVERSION = YES;
				CLANG_WARN_OBJC_IMPLICIT_RETAIN_SELF = YES;
				CLANG_WARN_OBJC_LITERAL_CONVERSION = YES;
				CLANG_WARN_OBJC_ROOT_CLASS = YES_ERROR;
				CLANG_WARN_QUOTED_INCLUDE_IN_FRAMEWORK_HEADER = YES;
				CLANG_WARN_RANGE_LOOP_ANALYSIS = YES;
				CLANG_WARN_STRICT_PROTOTYPES = YES;
				CLANG_WARN_SUSPICIOUS_MOVE = YES;
				CLANG_WARN_UNGUARDED_AVAILABILITY = YES_AGGRESSIVE;
				CLANG_WARN_UNREACHABLE_CODE = YES;
				CLANG_WARN__DUPLICATE_METHOD_MATCH = YES;
				COPY_PHASE_STRIP = NO;
				DEBUG_INFORMATION_FORMAT = "dwarf-with-dsym";
				ENABLE_NS_ASSERTIONS = NO;
				ENABLE_STRICT_OBJC_MSGSEND = YES;
				GCC_C_LANGUAGE_STANDARD = gnu11;
				GCC_NO_COMMON_BLOCKS = YES;
				GCC_WARN_64_TO_32_BIT_CONVERSION = YES;
				GCC_WARN_ABOUT_RETURN_TYPE = YES_ERROR;
				GCC_WARN_UNDECLARED_SELECTOR = YES;
				GCC_WARN_UNINITIALIZED_AUTOS = YES_AGGRESSIVE;
				GCC_WARN_UNUSED_FUNCTION = YES;
				GCC_WARN_UNUSED_VARIABLE = YES;
				IPHONEOS_DEPLOYMENT_TARGET = 14.4;
				MTL_ENABLE_DEBUG_INFO = NO;
				MTL_FAST_MATH = YES;
				SDKROOT = iphoneos;
				SWIFT_COMPILATION_MODE = wholemodule;
				SWIFT_OPTIMIZATION_LEVEL = "-O";
				VALIDATE_PRODUCT = YES;
			};
			name = Release;
		};
		D2B3E2CB268A4BA400E60036 /* Debug */ = {
			isa = XCBuildConfiguration;
			buildSettings = {
				ASSETCATALOG_COMPILER_APPICON_NAME = AppIcon;
				ASSETCATALOG_COMPILER_GLOBAL_ACCENT_COLOR_NAME = AccentColor;
				CODE_SIGN_STYLE = Automatic;
				DEVELOPMENT_TEAM = 4MHXQ8N5LK;
				INFOPLIST_FILE = Estudando_o_Basicoo/Info.plist;
				LD_RUNPATH_SEARCH_PATHS = (
					"$(inherited)",
					"@executable_path/Frameworks",
				);
				PRODUCT_BUNDLE_IDENTIFIER = "Victor-Ponciano.Estudando-o-Basicoo";
				PRODUCT_NAME = "$(TARGET_NAME)";
				SWIFT_VERSION = 5.0;
				TARGETED_DEVICE_FAMILY = "1,2";
			};
			name = Debug;
		};
		D2B3E2CC268A4BA400E60036 /* Release */ = {
			isa = XCBuildConfiguration;
			buildSettings = {
				ASSETCATALOG_COMPILER_APPICON_NAME = AppIcon;
				ASSETCATALOG_COMPILER_GLOBAL_ACCENT_COLOR_NAME = AccentColor;
				CODE_SIGN_STYLE = Automatic;
				DEVELOPMENT_TEAM = 4MHXQ8N5LK;
				INFOPLIST_FILE = Estudando_o_Basicoo/Info.plist;
				LD_RUNPATH_SEARCH_PATHS = (
					"$(inherited)",
					"@executable_path/Frameworks",
				);
				PRODUCT_BUNDLE_IDENTIFIER = "Victor-Ponciano.Estudando-o-Basicoo";
				PRODUCT_NAME = "$(TARGET_NAME)";
				SWIFT_VERSION = 5.0;
				TARGETED_DEVICE_FAMILY = "1,2";
			};
			name = Release;
		};
/* End XCBuildConfiguration section */

/* Begin XCConfigurationList section */
		D2B3E2B1268A4BA300E60036 /* Build configuration list for PBXProject "Estudando_o_Basicoo" */ = {
			isa = XCConfigurationList;
			buildConfigurations = (
				D2B3E2C8268A4BA400E60036 /* Debug */,
				D2B3E2C9268A4BA400E60036 /* Release */,
			);
			defaultConfigurationIsVisible = 0;
			defaultConfigurationName = Release;
		};
		D2B3E2CA268A4BA400E60036 /* Build configuration list for PBXNativeTarget "Estudando_o_Basicoo" */ = {
			isa = XCConfigurationList;
			buildConfigurations = (
				D2B3E2CB268A4BA400E60036 /* Debug */,
				D2B3E2CC268A4BA400E60036 /* Release */,
			);
			defaultConfigurationIsVisible = 0;
			defaultConfigurationName = Release;
		};
/* End XCConfigurationList section */
	};
	rootObject = D2B3E2AE268A4BA300E60036 /* Project object */;
}
